// !$*UTF8*$!
{
	archiveVersion = 1;
	classes = {
	};
	objectVersion = 48;
	objects = {

/* Begin PBXBuildFile section */
		F18D7D7C206CAD72000B35D5 /* AppDelegate.swift in Sources */ = {isa = PBXBuildFile; fileRef = F18D7D7B206CAD72000B35D5 /* AppDelegate.swift */; };
		F18D7D7E206CAD72000B35D5 /* ViewController.swift in Sources */ = {isa = PBXBuildFile; fileRef = F18D7D7D206CAD72000B35D5 /* ViewController.swift */; };
		F18D7D81206CAD72000B35D5 /* Main.storyboard in Resources */ = {isa = PBXBuildFile; fileRef = F18D7D7F206CAD72000B35D5 /* Main.storyboard */; };
		F18D7D83206CAD72000B35D5 /* Assets.xcassets in Resources */ = {isa = PBXBuildFile; fileRef = F18D7D82206CAD72000B35D5 /* Assets.xcassets */; };
		F18D7D86206CAD72000B35D5 /* LaunchScreen.storyboard in Resources */ = {isa = PBXBuildFile; fileRef = F18D7D84206CAD72000B35D5 /* LaunchScreen.storyboard */; };
		F18D7D91206CAD72000B35D5 /* TestGitTests.swift in Sources */ = {isa = PBXBuildFile; fileRef = F18D7D90206CAD72000B35D5 /* TestGitTests.swift */; };
		F18D7D9C206CAD73000B35D5 /* TestGitUITests.swift in Sources */ = {isa = PBXBuildFile; fileRef = F18D7D9B206CAD73000B35D5 /* TestGitUITests.swift */; };
/* End PBXBuildFile section */

/* Begin PBXContainerItemProxy section */
		F18D7D8D206CAD72000B35D5 /* PBXContainerItemProxy */ = {
			isa = PBXContainerItemProxy;
			containerPortal = F18D7D70206CAD72000B35D5 /* Project object */;
			proxyType = 1;
			remoteGlobalIDString = F18D7D77206CAD72000B35D5;
			remoteInfo = TestGit;
		};
		F18D7D98206CAD73000B35D5 /* PBXContainerItemProxy */ = {
			isa = PBXContainerItemProxy;
			containerPortal = F18D7D70206CAD72000B35D5 /* Project object */;
			proxyType = 1;
			remoteGlobalIDString = F18D7D77206CAD72000B35D5;
			remoteInfo = TestGit;
		};
/* End PBXContainerItemProxy section */

/* Begin PBXFileReference section */
		F18D7D78206CAD72000B35D5 /* TestGit.app */ = {isa = PBXFileReference; explicitFileType = wrapper.application; includeInIndex = 0; path = TestGit.app; sourceTree = BUILT_PRODUCTS_DIR; };
		F18D7D7B206CAD72000B35D5 /* AppDelegate.swift */ = {isa = PBXFileReference; lastKnownFileType = sourcecode.swift; path = AppDelegate.swift; sourceTree = "<group>"; };
		F18D7D7D206CAD72000B35D5 /* ViewController.swift */ = {isa = PBXFileReference; lastKnownFileType = sourcecode.swift; path = ViewController.swift; sourceTree = "<group>"; };
		F18D7D80206CAD72000B35D5 /* Base */ = {isa = PBXFileReference; lastKnownFileType = file.storyboard; name = Base; path = Base.lproj/Main.storyboard; sourceTree = "<group>"; };
		F18D7D82206CAD72000B35D5 /* Assets.xcassets */ = {isa = PBXFileReference; lastKnownFileType = folder.assetcatalog; path = Assets.xcassets; sourceTree = "<group>"; };
		F18D7D85206CAD72000B35D5 /* Base */ = {isa = PBXFileReference; lastKnownFileType = file.storyboard; name = Base; path = Base.lproj/LaunchScreen.storyboard; sourceTree = "<group>"; };
		F18D7D87206CAD72000B35D5 /* Info.plist */ = {isa = PBXFileReference; lastKnownFileType = text.plist.xml; path = Info.plist; sourceTree = "<group>"; };
		F18D7D8C206CAD72000B35D5 /* TestGitTests.xctest */ = {isa = PBXFileReference; explicitFileType = wrapper.cfbundle; includeInIndex = 0; path = TestGitTests.xctest; sourceTree = BUILT_PRODUCTS_DIR; };
		F18D7D90206CAD72000B35D5 /* TestGitTests.swift */ = {isa = PBXFileReference; lastKnownFileType = sourcecode.swift; path = TestGitTests.swift; sourceTree = "<group>"; };
		F18D7D92206CAD72000B35D5 /* Info.plist */ = {isa = PBXFileReference; lastKnownFileType = text.plist.xml; path = Info.plist; sourceTree = "<group>"; };
		F18D7D97206CAD73000B35D5 /* TestGitUITests.xctest */ = {isa = PBXFileReference; explicitFileType = wrapper.cfbundle; includeInIndex = 0; path = TestGitUITests.xctest; sourceTree = BUILT_PRODUCTS_DIR; };
		F18D7D9B206CAD73000B35D5 /* TestGitUITests.swift */ = {isa = PBXFileReference; lastKnownFileType = sourcecode.swift; path = TestGitUITests.swift; sourceTree = "<group>"; };
		F18D7D9D206CAD73000B35D5 /* Info.plist */ = {isa = PBXFileReference; lastKnownFileType = text.plist.xml; path = Info.plist; sourceTree = "<group>"; };
/* End PBXFileReference section */

/* Begin PBXFrameworksBuildPhase section */
		F18D7D75206CAD72000B35D5 /* Frameworks */ = {
			isa = PBXFrameworksBuildPhase;
			buildActionMask = 2147483647;
			files = (
			);
			runOnlyForDeploymentPostprocessing = 0;
		};
		F18D7D89206CAD72000B35D5 /* Frameworks */ = {
			isa = PBXFrameworksBuildPhase;
			buildActionMask = 2147483647;
			files = (
			);
			runOnlyForDeploymentPostprocessing = 0;
		};
		F18D7D94206CAD73000B35D5 /* Frameworks */ = {
			isa = PBXFrameworksBuildPhase;
			buildActionMask = 2147483647;
			files = (
			);
			runOnlyForDeploymentPostprocessing = 0;
		};
/* End PBXFrameworksBuildPhase section */

/* Begin PBXGroup section */
		F18D7D6F206CAD72000B35D5 = {
			isa = PBXGroup;
			children = (
				F18D7D7A206CAD72000B35D5 /* TestGit */,
				F18D7D8F206CAD72000B35D5 /* TestGitTests */,
				F18D7D9A206CAD73000B35D5 /* TestGitUITests */,
				F18D7D79206CAD72000B35D5 /* Products */,
			);
			sourceTree = "<group>";
		};
		F18D7D79206CAD72000B35D5 /* Products */ = {
			isa = PBXGroup;
			children = (
				F18D7D78206CAD72000B35D5 /* TestGit.app */,
				F18D7D8C206CAD72000B35D5 /* TestGitTests.xctest */,
				F18D7D97206CAD73000B35D5 /* TestGitUITests.xctest */,
			);
			name = Products;
			sourceTree = "<group>";
		};
		F18D7D7A206CAD72000B35D5 /* TestGit */ = {
			isa = PBXGroup;
			children = (
				F18D7D7B206CAD72000B35D5 /* AppDelegate.swift */,
				F18D7D7D206CAD72000B35D5 /* ViewController.swift */,
				F18D7D7F206CAD72000B35D5 /* Main.storyboard */,
				F18D7D82206CAD72000B35D5 /* Assets.xcassets */,
				F18D7D84206CAD72000B35D5 /* LaunchScreen.storyboard */,
				F18D7D87206CAD72000B35D5 /* Info.plist */,
			);
			path = TestGit;
			sourceTree = "<group>";
		};
		F18D7D8F206CAD72000B35D5 /* TestGitTests */ = {
			isa = PBXGroup;
			children = (
				F18D7D90206CAD72000B35D5 /* TestGitTests.swift */,
				F18D7D92206CAD72000B35D5 /* Info.plist */,
			);
			path = TestGitTests;
			sourceTree = "<group>";
		};
		F18D7D9A206CAD73000B35D5 /* TestGitUITests */ = {
			isa = PBXGroup;
			children = (
				F18D7D9B206CAD73000B35D5 /* TestGitUITests.swift */,
				F18D7D9D206CAD73000B35D5 /* Info.plist */,
			);
			path = TestGitUITests;
			sourceTree = "<group>";
		};
/* End PBXGroup section */

/* Begin PBXNativeTarget section */
		F18D7D77206CAD72000B35D5 /* TestGit */ = {
			isa = PBXNativeTarget;
			buildConfigurationList = F18D7DA0206CAD73000B35D5 /* Build configuration list for PBXNativeTarget "TestGit" */;
			buildPhases = (
				F18D7D74206CAD72000B35D5 /* Sources */,
				F18D7D75206CAD72000B35D5 /* Frameworks */,
				F18D7D76206CAD72000B35D5 /* Resources */,
			);
			buildRules = (
			);
			dependencies = (
			);
			name = TestGit;
			productName = TestGit;
			productReference = F18D7D78206CAD72000B35D5 /* TestGit.app */;
			productType = "com.apple.product-type.application";
		};
		F18D7D8B206CAD72000B35D5 /* TestGitTests */ = {
			isa = PBXNativeTarget;
			buildConfigurationList = F18D7DA3206CAD73000B35D5 /* Build configuration list for PBXNativeTarget "TestGitTests" */;
			buildPhases = (
				F18D7D88206CAD72000B35D5 /* Sources */,
				F18D7D89206CAD72000B35D5 /* Frameworks */,
				F18D7D8A206CAD72000B35D5 /* Resources */,
			);
			buildRules = (
			);
			dependencies = (
				F18D7D8E206CAD72000B35D5 /* PBXTargetDependency */,
			);
			name = TestGitTests;
			productName = TestGitTests;
			productReference = F18D7D8C206CAD72000B35D5 /* TestGitTests.xctest */;
			productType = "com.apple.product-type.bundle.unit-test";
		};
		F18D7D96206CAD73000B35D5 /* TestGitUITests */ = {
			isa = PBXNativeTarget;
			buildConfigurationList = F18D7DA6206CAD73000B35D5 /* Build configuration list for PBXNativeTarget "TestGitUITests" */;
			buildPhases = (
				F18D7D93206CAD73000B35D5 /* Sources */,
				F18D7D94206CAD73000B35D5 /* Frameworks */,
				F18D7D95206CAD73000B35D5 /* Resources */,
			);
			buildRules = (
			);
			dependencies = (
				F18D7D99206CAD73000B35D5 /* PBXTargetDependency */,
			);
			name = TestGitUITests;
			productName = TestGitUITests;
			productReference = F18D7D97206CAD73000B35D5 /* TestGitUITests.xctest */;
			productType = "com.apple.product-type.bundle.ui-testing";
		};
/* End PBXNativeTarget section */

/* Begin PBXProject section */
		F18D7D70206CAD72000B35D5 /* Project object */ = {
			isa = PBXProject;
			attributes = {
				LastSwiftUpdateCheck = 0920;
				LastUpgradeCheck = 0920;
				ORGANIZATIONNAME = "Siva Krishna";
				TargetAttributes = {
					F18D7D77206CAD72000B35D5 = {
						CreatedOnToolsVersion = 9.2;
						ProvisioningStyle = Automatic;
					};
					F18D7D8B206CAD72000B35D5 = {
						CreatedOnToolsVersion = 9.2;
						ProvisioningStyle = Automatic;
						TestTargetID = F18D7D77206CAD72000B35D5;
					};
					F18D7D96206CAD73000B35D5 = {
						CreatedOnToolsVersion = 9.2;
						ProvisioningStyle = Automatic;
						TestTargetID = F18D7D77206CAD72000B35D5;
					};
				};
			};
			buildConfigurationList = F18D7D73206CAD72000B35D5 /* Build configuration list for PBXProject "TestGit" */;
			compatibilityVersion = "Xcode 8.0";
			developmentRegion = en;
			hasScannedForEncodings = 0;
			knownRegions = (
				en,
				Base,
			);
			mainGroup = F18D7D6F206CAD72000B35D5;
			productRefGroup = F18D7D79206CAD72000B35D5 /* Products */;
			projectDirPath = "";
			projectRoot = "";
			targets = (
				F18D7D77206CAD72000B35D5 /* TestGit */,
				F18D7D8B206CAD72000B35D5 /* TestGitTests */,
				F18D7D96206CAD73000B35D5 /* TestGitUITests */,
			);
		};
/* End PBXProject section */

/* Begin PBXResourcesBuildPhase section */
		F18D7D76206CAD72000B35D5 /* Resources */ = {
			isa = PBXResourcesBuildPhase;
			buildActionMask = 2147483647;
			files = (
				F18D7D86206CAD72000B35D5 /* LaunchScreen.storyboard in Resources */,
				F18D7D83206CAD72000B35D5 /* Assets.xcassets in Resources */,
				F18D7D81206CAD72000B35D5 /* Main.storyboard in Resources */,
			);
			runOnlyForDeploymentPostprocessing = 0;
		};
		F18D7D8A206CAD72000B35D5 /* Resources */ = {
			isa = PBXResourcesBuildPhase;
			buildActionMask = 2147483647;
			files = (
			);
			runOnlyForDeploymentPostprocessing = 0;
		};
		F18D7D95206CAD73000B35D5 /* Resources */ = {
			isa = PBXResourcesBuildPhase;
			buildActionMask = 2147483647;
			files = (
			);
			runOnlyForDeploymentPostprocessing = 0;
		};
/* End PBXResourcesBuildPhase section */

/* Begin PBXSourcesBuildPhase section */
		F18D7D74206CAD72000B35D5 /* Sources */ = {
			isa = PBXSourcesBuildPhase;
			buildActionMask = 2147483647;
			files = (
				F18D7D7E206CAD72000B35D5 /* ViewController.swift in Sources */,
				F18D7D7C206CAD72000B35D5 /* AppDelegate.swift in Sources */,
			);
			runOnlyForDeploymentPostprocessing = 0;
		};
		F18D7D88206CAD72000B35D5 /* Sources */ = {
			isa = PBXSourcesBuildPhase;
			buildActionMask = 2147483647;
			files = (
				F18D7D91206CAD72000B35D5 /* TestGitTests.swift in Sources */,
			);
			runOnlyForDeploymentPostprocessing = 0;
		};
		F18D7D93206CAD73000B35D5 /* Sources */ = {
			isa = PBXSourcesBuildPhase;
			buildActionMask = 2147483647;
			files = (
				F18D7D9C206CAD73000B35D5 /* TestGitUITests.swift in Sources */,
			);
			runOnlyForDeploymentPostprocessing = 0;
		};
/* End PBXSourcesBuildPhase section */

/* Begin PBXTargetDependency section */
		F18D7D8E206CAD72000B35D5 /* PBXTargetDependency */ = {
			isa = PBXTargetDependency;
			target = F18D7D77206CAD72000B35D5 /* TestGit */;
			targetProxy = F18D7D8D206CAD72000B35D5 /* PBXContainerItemProxy */;
		};
		F18D7D99206CAD73000B35D5 /* PBXTargetDependency */ = {
			isa = PBXTargetDependency;
			target = F18D7D77206CAD72000B35D5 /* TestGit */;
			targetProxy = F18D7D98206CAD73000B35D5 /* PBXContainerItemProxy */;
		};
/* End PBXTargetDependency section */

/* Begin PBXVariantGroup section */
		F18D7D7F206CAD72000B35D5 /* Main.storyboard */ = {
			isa = PBXVariantGroup;
			children = (
				F18D7D80206CAD72000B35D5 /* Base */,
			);
			name = Main.storyboard;
			sourceTree = "<group>";
		};
		F18D7D84206CAD72000B35D5 /* LaunchScreen.storyboard */ = {
			isa = PBXVariantGroup;
			children = (
				F18D7D85206CAD72000B35D5 /* Base */,
			);
			name = LaunchScreen.storyboard;
			sourceTree = "<group>";
		};
/* End PBXVariantGroup section */

/* Begin XCBuildConfiguration section */
		F18D7D9E206CAD73000B35D5 /* Debug */ = {
			isa = XCBuildConfiguration;
			buildSettings = {
				ALWAYS_SEARCH_USER_PATHS = NO;
				CLANG_ANALYZER_NONNULL = YES;
				CLANG_ANALYZER_NUMBER_OBJECT_CONVERSION = YES_AGGRESSIVE;
				CLANG_CXX_LANGUAGE_STANDARD = "gnu++14";
				CLANG_CXX_LIBRARY = "libc++";
				CLANG_ENABLE_MODULES = YES;
				CLANG_ENABLE_OBJC_ARC = YES;
				CLANG_WARN_BLOCK_CAPTURE_AUTORELEASING = YES;
				CLANG_WARN_BOOL_CONVERSION = YES;
				CLANG_WARN_COMMA = YES;
				CLANG_WARN_CONSTANT_CONVERSION = YES;
				CLANG_WARN_DIRECT_OBJC_ISA_USAGE = YES_ERROR;
				CLANG_WARN_DOCUMENTATION_COMMENTS = YES;
				CLANG_WARN_EMPTY_BODY = YES;
				CLANG_WARN_ENUM_CONVERSION = YES;
				CLANG_WARN_INFINITE_RECURSION = YES;
				CLANG_WARN_INT_CONVERSION = YES;
				CLANG_WARN_NON_LITERAL_NULL_CONVERSION = YES;
				CLANG_WARN_OBJC_LITERAL_CONVERSION = YES;
				CLANG_WARN_OBJC_ROOT_CLASS = YES_ERROR;
				CLANG_WARN_RANGE_LOOP_ANALYSIS = YES;
				CLANG_WARN_STRICT_PROTOTYPES = YES;
				CLANG_WARN_SUSPICIOUS_MOVE = YES;
				CLANG_WARN_UNGUARDED_AVAILABILITY = YES_AGGRESSIVE;
				CLANG_WARN_UNREACHABLE_CODE = YES;
				CLANG_WARN__DUPLICATE_METHOD_MATCH = YES;
				CODE_SIGN_IDENTITY = "iPhone Developer";
				COPY_PHASE_STRIP = NO;
				DEBUG_INFORMATION_FORMAT = dwarf;
				ENABLE_STRICT_OBJC_MSGSEND = YES;
				ENABLE_TESTABILITY = YES;
				GCC_C_LANGUAGE_STANDARD = gnu11;
				GCC_DYNAMIC_NO_PIC = NO;
				GCC_NO_COMMON_BLOCKS = YES;
				GCC_OPTIMIZATION_LEVEL = 0;
				GCC_PREPROCESSOR_DEFINITIONS = (
					"DEBUG=1",
					"$(inherited)",
				);
				GCC_WARN_64_TO_32_BIT_CONVERSION = YES;
				GCC_WARN_ABOUT_RETURN_TYPE = YES_ERROR;
				GCC_WARN_UNDECLARED_SELECTOR = YES;
				GCC_WARN_UNINITIALIZED_AUTOS = YES_AGGRESSIVE;
				GCC_WARN_UNUSED_FUNCTION = YES;
				GCC_WARN_UNUSED_VARIABLE = YES;
				IPHONEOS_DEPLOYMENT_TARGET = 11.2;
				MTL_ENABLE_DEBUG_INFO = YES;
				ONLY_ACTIVE_ARCH = YES;
				SDKROOT = iphoneos;
				SWIFT_ACTIVE_COMPILATION_CONDITIONS = DEBUG;
				SWIFT_OPTIMIZATION_LEVEL = "-Onone";
			};
			name = Debug;
		};
		F18D7D9F206CAD73000B35D5 /* Release */ = {
			isa = XCBuildConfiguration;
			buildSettings = {
				ALWAYS_SEARCH_USER_PATHS = NO;
				CLANG_ANALYZER_NONNULL = YES;
				CLANG_ANALYZER_NUMBER_OBJECT_CONVERSION = YES_AGGRESSIVE;
				CLANG_CXX_LANGUAGE_STANDARD = "gnu++14";
				CLANG_CXX_LIBRARY = "libc++";
				CLANG_ENABLE_MODULES = YES;
				CLANG_ENABLE_OBJC_ARC = YES;
				CLANG_WARN_BLOCK_CAPTURE_AUTORELEASING = YES;
				CLANG_WARN_BOOL_CONVERSION = YES;
				CLANG_WARN_COMMA = YES;
				CLANG_WARN_CONSTANT_CONVERSION = YES;
				CLANG_WARN_DIRECT_OBJC_ISA_USAGE = YES_ERROR;
				CLANG_WARN_DOCUMENTATION_COMMENTS = YES;
				CLANG_WARN_EMPTY_BODY = YES;
				CLANG_WARN_ENUM_CONVERSION = YES;
				CLANG_WARN_INFINITE_RECURSION = YES;
				CLANG_WARN_INT_CONVERSION = YES;
				CLANG_WARN_NON_LITERAL_NULL_CONVERSION = YES;
				CLANG_WARN_OBJC_LITERAL_CONVERSION = YES;
				CLANG_WARN_OBJC_ROOT_CLASS = YES_ERROR;
				CLANG_WARN_RANGE_LOOP_ANALYSIS = YES;
				CLANG_WARN_STRICT_PROTOTYPES = YES;
				CLANG_WARN_SUSPICIOUS_MOVE = YES;
				CLANG_WARN_UNGUARDED_AVAILABILITY = YES_AGGRESSIVE;
				CLANG_WARN_UNREACHABLE_CODE = YES;
				CLANG_WARN__DUPLICATE_METHOD_MATCH = YES;
				CODE_SIGN_IDENTITY = "iPhone Developer";
				COPY_PHASE_STRIP = NO;
				DEBUG_INFORMATION_FORMAT = "dwarf-with-dsym";
				ENABLE_NS_ASSERTIONS = NO;
				ENABLE_STRICT_OBJC_MSGSEND = YES;
				GCC_C_LANGUAGE_STANDARD = gnu11;
				GCC_NO_COMMON_BLOCKS = YES;
				GCC_WARN_64_TO_32_BIT_CONVERSION = YES;
				GCC_WARN_ABOUT_RETURN_TYPE = YES_ERROR;
				GCC_WARN_UNDECLARED_SELECTOR = YES;
				GCC_WARN_UNINITIALIZED_AUTOS = YES_AGGRESSIVE;
				GCC_WARN_UNUSED_FUNCTION = YES;
				GCC_WARN_UNUSED_VARIABLE = YES;
				IPHONEOS_DEPLOYMENT_TARGET = 11.2;
				MTL_ENABLE_DEBUG_INFO = NO;
				SDKROOT = iphoneos;
				SWIFT_OPTIMIZATION_LEVEL = "-Owholemodule";
				VALIDATE_PRODUCT = YES;
			};
			name = Release;
		};
		F18D7DA1206CAD73000B35D5 /* Debug */ = {
			isa = XCBuildConfiguration;
			buildSettings = {
				ASSETCATALOG_COMPILER_APPICON_NAME = AppIcon;
				CODE_SIGN_STYLE = Automatic;
				INFOPLIST_FILE = TestGit/Info.plist;
				LD_RUNPATH_SEARCH_PATHS = "$(inherited) @executable_path/Frameworks";
				PRODUCT_BUNDLE_IDENTIFIER = TestWatch.TestGit;
				PRODUCT_NAME = "$(TARGET_NAME)";
				SWIFT_VERSION = 4.0;
				TARGETED_DEVICE_FAMILY = "1,2";
			};
			name = Debug;
		};
		F18D7DA2206CAD73000B35D5 /* Release */ = {
			isa = XCBuildConfiguration;
			buildSettings = {
				ASSETCATALOG_COMPILER_APPICON_NAME = AppIcon;
				CODE_SIGN_STYLE = Automatic;
				INFOPLIST_FILE = TestGit/Info.plist;
				LD_RUNPATH_SEARCH_PATHS = "$(inherited) @executable_path/Frameworks";
				PRODUCT_BUNDLE_IDENTIFIER = TestWatch.TestGit;
				PRODUCT_NAME = "$(TARGET_NAME)";
				SWIFT_VERSION = 4.0;
				TARGETED_DEVICE_FAMILY = "1,2";
			};
			name = Release;
		};
		F18D7DA4206CAD73000B35D5 /* Debug */ = {
			isa = XCBuildConfiguration;
			buildSettings = {
				ALWAYS_EMBED_SWIFT_STANDARD_LIBRARIES = YES;
				BUNDLE_LOADER = "$(TEST_HOST)";
				CODE_SIGN_STYLE = Automatic;
				INFOPLIST_FILE = TestGitTests/Info.plist;
				LD_RUNPATH_SEARCH_PATHS = "$(inherited) @executable_path/Frameworks @loader_path/Frameworks";
				PRODUCT_BUNDLE_IDENTIFIER = TestWatch.TestGitTests;
				PRODUCT_NAME = "$(TARGET_NAME)";
				SWIFT_VERSION = 4.0;
				TARGETED_DEVICE_FAMILY = "1,2";
				TEST_HOST = "$(BUILT_PRODUCTS_DIR)/TestGit.app/TestGit";
			};
			name = Debug;
		};
		F18D7DA5206CAD73000B35D5 /* Release */ = {
			isa = XCBuildConfiguration;
			buildSettings = {
				ALWAYS_EMBED_SWIFT_STANDARD_LIBRARIES = YES;
				BUNDLE_LOADER = "$(TEST_HOST)";
				CODE_SIGN_STYLE = Automatic;
				INFOPLIST_FILE = TestGitTests/Info.plist;
				LD_RUNPATH_SEARCH_PATHS = "$(inherited) @executable_path/Frameworks @loader_path/Frameworks";
				PRODUCT_BUNDLE_IDENTIFIER = TestWatch.TestGitTests;
				PRODUCT_NAME = "$(TARGET_NAME)";
				SWIFT_VERSION = 4.0;
				TARGETED_DEVICE_FAMILY = "1,2";
				TEST_HOST = "$(BUILT_PRODUCTS_DIR)/TestGit.app/TestGit";
			};
			name = Release;
		};
		F18D7DA7206CAD73000B35D5 /* Debug */ = {
			isa = XCBuildConfiguration;
			buildSettings = {
				ALWAYS_EMBED_SWIFT_STANDARD_LIBRARIES = YES;
				CODE_SIGN_STYLE = Automatic;
				INFOPLIST_FILE = TestGitUITests/Info.plist;
				LD_RUNPATH_SEARCH_PATHS = "$(inherited) @executable_path/Frameworks @loader_path/Frameworks";
				PRODUCT_BUNDLE_IDENTIFIER = TestWatch.TestGitUITests;
				PRODUCT_NAME = "$(TARGET_NAME)";
				SWIFT_VERSION = 4.0;
				TARGETED_DEVICE_FAMILY = "1,2";
				TEST_TARGET_NAME = TestGit;
			};
			name = Debug;
		};
		F18D7DA8206CAD73000B35D5 /* Release */ = {
			isa = XCBuildConfiguration;
			buildSettings = {
				ALWAYS_EMBED_SWIFT_STANDARD_LIBRARIES = YES;
				CODE_SIGN_STYLE = Automatic;
				INFOPLIST_FILE = TestGitUITests/Info.plist;
				LD_RUNPATH_SEARCH_PATHS = "$(inherited) @executable_path/Frameworks @loader_path/Frameworks";
				PRODUCT_BUNDLE_IDENTIFIER = TestWatch.TestGitUITests;
				PRODUCT_NAME = "$(TARGET_NAME)";
				SWIFT_VERSION = 4.0;
				TARGETED_DEVICE_FAMILY = "1,2";
				TEST_TARGET_NAME = TestGit;
			};
			name = Release;
		};
/* End XCBuildConfiguration section */

/* Begin XCConfigurationList section */
		F18D7D73206CAD72000B35D5 /* Build configuration list for PBXProject "TestGit" */ = {
			isa = XCConfigurationList;
			buildConfigurations = (
				F18D7D9E206CAD73000B35D5 /* Debug */,
				F18D7D9F206CAD73000B35D5 /* Release */,
			);
			defaultConfigurationIsVisible = 0;
			defaultConfigurationName = Release;
		};
		F18D7DA0206CAD73000B35D5 /* Build configuration list for PBXNativeTarget "TestGit" */ = {
			isa = XCConfigurationList;
			buildConfigurations = (
				F18D7DA1206CAD73000B35D5 /* Debug */,
				F18D7DA2206CAD73000B35D5 /* Release */,
			);
			defaultConfigurationIsVisible = 0;
			defaultConfigurationName = Release;
		};
		F18D7DA3206CAD73000B35D5 /* Build configuration list for PBXNativeTarget "TestGitTests" */ = {
			isa = XCConfigurationList;
			buildConfigurations = (
				F18D7DA4206CAD73000B35D5 /* Debug */,
				F18D7DA5206CAD73000B35D5 /* Release */,
			);
			defaultConfigurationIsVisible = 0;
			defaultConfigurationName = Release;
		};
		F18D7DA6206CAD73000B35D5 /* Build configuration list for PBXNativeTarget "TestGitUITests" */ = {
			isa = XCConfigurationList;
			buildConfigurations = (
				F18D7DA7206CAD73000B35D5 /* Debug */,
				F18D7DA8206CAD73000B35D5 /* Release */,
			);
			defaultConfigurationIsVisible = 0;
			defaultConfigurationName = Release;
		};
/* End XCConfigurationList section */
	};
	rootObject = F18D7D70206CAD72000B35D5 /* Project object */;
}
